
Microsoft Visual Studio Solution File, Format Version 12.00
# Visual Studio Version 16
VisualStudioVersion = 16.0.31424.327
MinimumVisualStudioVersion = 10.0.40219.1
Project("{FAE04EC0-301F-11D3-BF4B-00C04F79EFBC}") = "backToSchool", "backToSchool\backToSchool.csproj", "{101A81FB-88A2-4355-9CB2-EBBCCC1AC735}"
EndProject
Global
	GlobalSection(SolutionConfigurationPlatforms) = preSolution
		Debug|Any CPU = Debug|Any CPU
		Release|Any CPU = Release|Any CPU
	EndGlobalSection
	GlobalSection(ProjectConfigurationPlatforms) = postSolution
		{101A81FB-88A2-4355-9CB2-EBBCCC1AC735}.Debug|Any CPU.ActiveCfg = Debug|Any CPU
		{101A81FB-88A2-4355-9CB2-EBBCCC1AC735}.Debug|Any CPU.Build.0 = Debug|Any CPU
		{101A81FB-88A2-4355-9CB2-EBBCCC1AC735}.Release|Any CPU.ActiveCfg = Release|Any CPU
		{101A81FB-88A2-4355-9CB2-EBBCCC1AC735}.Release|Any CPU.Build.0 = Release|Any CPU
	EndGlobalSection
	GlobalSection(SolutionProperties) = preSolution
		HideSolutionNode = FALSE
	EndGlobalSection
	GlobalSection(ExtensibilityGlobals) = postSolution
		SolutionGuid = {8942ED97-CC12-4F44-9B95-228AE6E942FA}
	EndGlobalSection
EndGlobal
